// !$*UTF8*$!
{
	archiveVersion = 1;
	classes = {
	};
	objectVersion = 50;
	objects = {

/* Begin PBXBuildFile section */
		14990324232A5F41005F91C3 /* AppDelegate.swift in Sources */ = {isa = PBXBuildFile; fileRef = 14990323232A5F41005F91C3 /* AppDelegate.swift */; };
		14990329232A5F41005F91C3 /* Main.storyboard in Resources */ = {isa = PBXBuildFile; fileRef = 14990327232A5F41005F91C3 /* Main.storyboard */; };
		1499032B232A5F55005F91C3 /* Assets.xcassets in Resources */ = {isa = PBXBuildFile; fileRef = 1499032A232A5F55005F91C3 /* Assets.xcassets */; };
		1499032E232A5F55005F91C3 /* LaunchScreen.storyboard in Resources */ = {isa = PBXBuildFile; fileRef = 1499032C232A5F55005F91C3 /* LaunchScreen.storyboard */; };
		14990338232A61BC005F91C3 /* SelectionTableVC.swift in Sources */ = {isa = PBXBuildFile; fileRef = 14990337232A61BC005F91C3 /* SelectionTableVC.swift */; };
		1499033A232A63F5005F91C3 /* ItemCell.swift in Sources */ = {isa = PBXBuildFile; fileRef = 14990339232A63F5005F91C3 /* ItemCell.swift */; };
		D4FD333223D9A90000825DD3 /* IPhoneVC.swift in Sources */ = {isa = PBXBuildFile; fileRef = D4FD333123D9A8FF00825DD3 /* IPhoneVC.swift */; };
		D4FD333423D9A91A00825DD3 /* IPadVc.swift in Sources */ = {isa = PBXBuildFile; fileRef = D4FD333323D9A91A00825DD3 /* IPadVc.swift */; };
		D4FD333623D9A93900825DD3 /* IMacVC.swift in Sources */ = {isa = PBXBuildFile; fileRef = D4FD333523D9A93900825DD3 /* IMacVC.swift */; };
/* End PBXBuildFile section */

/* Begin PBXFileReference section */
		14990320232A5F41005F91C3 /* TableViewSeletion.app */ = {isa = PBXFileReference; explicitFileType = wrapper.application; includeInIndex = 0; path = TableViewSeletion.app; sourceTree = BUILT_PRODUCTS_DIR; };
		14990323232A5F41005F91C3 /* AppDelegate.swift */ = {isa = PBXFileReference; lastKnownFileType = sourcecode.swift; path = AppDelegate.swift; sourceTree = "<group>"; };
		14990328232A5F41005F91C3 /* Base */ = {isa = PBXFileReference; lastKnownFileType = file.storyboard; name = Base; path = Base.lproj/Main.storyboard; sourceTree = "<group>"; };
		1499032A232A5F55005F91C3 /* Assets.xcassets */ = {isa = PBXFileReference; lastKnownFileType = folder.assetcatalog; path = Assets.xcassets; sourceTree = "<group>"; };
		1499032D232A5F55005F91C3 /* Base */ = {isa = PBXFileReference; lastKnownFileType = file.storyboard; name = Base; path = Base.lproj/LaunchScreen.storyboard; sourceTree = "<group>"; };
		1499032F232A5F55005F91C3 /* Info.plist */ = {isa = PBXFileReference; lastKnownFileType = text.plist.xml; path = Info.plist; sourceTree = "<group>"; };
		14990337232A61BC005F91C3 /* SelectionTableVC.swift */ = {isa = PBXFileReference; lastKnownFileType = sourcecode.swift; path = SelectionTableVC.swift; sourceTree = "<group>"; };
		14990339232A63F5005F91C3 /* ItemCell.swift */ = {isa = PBXFileReference; lastKnownFileType = sourcecode.swift; path = ItemCell.swift; sourceTree = "<group>"; };
		D4FD333123D9A8FF00825DD3 /* IPhoneVC.swift */ = {isa = PBXFileReference; lastKnownFileType = sourcecode.swift; path = IPhoneVC.swift; sourceTree = "<group>"; };
		D4FD333323D9A91A00825DD3 /* IPadVc.swift */ = {isa = PBXFileReference; lastKnownFileType = sourcecode.swift; path = IPadVc.swift; sourceTree = "<group>"; };
		D4FD333523D9A93900825DD3 /* IMacVC.swift */ = {isa = PBXFileReference; lastKnownFileType = sourcecode.swift; path = IMacVC.swift; sourceTree = "<group>"; };
/* End PBXFileReference section */

/* Begin PBXFrameworksBuildPhase section */
		1499031D232A5F40005F91C3 /* Frameworks */ = {
			isa = PBXFrameworksBuildPhase;
			buildActionMask = 2147483647;
			files = (
			);
			runOnlyForDeploymentPostprocessing = 0;
		};
/* End PBXFrameworksBuildPhase section */

/* Begin PBXGroup section */
		14990317232A5F40005F91C3 = {
			isa = PBXGroup;
			children = (
				14990322232A5F41005F91C3 /* TableViewSeletion */,
				14990321232A5F41005F91C3 /* Products */,
			);
			sourceTree = "<group>";
		};
		14990321232A5F41005F91C3 /* Products */ = {
			isa = PBXGroup;
			children = (
				14990320232A5F41005F91C3 /* TableViewSeletion.app */,
			);
			name = Products;
			sourceTree = "<group>";
		};
		14990322232A5F41005F91C3 /* TableViewSeletion */ = {
			isa = PBXGroup;
			children = (
				14990323232A5F41005F91C3 /* AppDelegate.swift */,
				14990337232A61BC005F91C3 /* SelectionTableVC.swift */,
				D4FD333523D9A93900825DD3 /* IMacVC.swift */,
				D4FD333323D9A91A00825DD3 /* IPadVc.swift */,
				D4FD333123D9A8FF00825DD3 /* IPhoneVC.swift */,
				14990339232A63F5005F91C3 /* ItemCell.swift */,
				14990327232A5F41005F91C3 /* Main.storyboard */,
				1499032A232A5F55005F91C3 /* Assets.xcassets */,
				1499032C232A5F55005F91C3 /* LaunchScreen.storyboard */,
				1499032F232A5F55005F91C3 /* Info.plist */,
			);
			path = TableViewSeletion;
			sourceTree = "<group>";
		};
/* End PBXGroup section */

/* Begin PBXNativeTarget section */
		1499031F232A5F40005F91C3 /* TableViewSeletion */ = {
			isa = PBXNativeTarget;
			buildConfigurationList = 14990332232A5F55005F91C3 /* Build configuration list for PBXNativeTarget "TableViewSeletion" */;
			buildPhases = (
				1499031C232A5F40005F91C3 /* Sources */,
				1499031D232A5F40005F91C3 /* Frameworks */,
				1499031E232A5F40005F91C3 /* Resources */,
			);
			buildRules = (
			);
			dependencies = (
			);
			name = TableViewSeletion;
			productName = TableViewSeletion;
			productReference = 14990320232A5F41005F91C3 /* TableViewSeletion.app */;
			productType = "com.apple.product-type.application";
		};
/* End PBXNativeTarget section */

/* Begin PBXProject section */
		14990318232A5F40005F91C3 /* Project object */ = {
			isa = PBXProject;
			attributes = {
				LastSwiftUpdateCheck = 1020;
				LastUpgradeCheck = 1020;
				ORGANIZATIONNAME = "D2V Software Solutions pvt ltd";
				TargetAttributes = {
					1499031F232A5F40005F91C3 = {
						CreatedOnToolsVersion = 10.2.1;
					};
				};
			};
			buildConfigurationList = 1499031B232A5F40005F91C3 /* Build configuration list for PBXProject "TableViewSeletion" */;
			compatibilityVersion = "Xcode 9.3";
			developmentRegion = en;
			hasScannedForEncodings = 0;
			knownRegions = (
				en,
				Base,
			);
			mainGroup = 14990317232A5F40005F91C3;
			productRefGroup = 14990321232A5F41005F91C3 /* Products */;
			projectDirPath = "";
			projectRoot = "";
			targets = (
				1499031F232A5F40005F91C3 /* TableViewSeletion */,
			);
		};
/* End PBXProject section */

/* Begin PBXResourcesBuildPhase section */
		1499031E232A5F40005F91C3 /* Resources */ = {
			isa = PBXResourcesBuildPhase;
			buildActionMask = 2147483647;
			files = (
				1499032E232A5F55005F91C3 /* LaunchScreen.storyboard in Resources */,
				1499032B232A5F55005F91C3 /* Assets.xcassets in Resources */,
				14990329232A5F41005F91C3 /* Main.storyboard in Resources */,
			);
			runOnlyForDeploymentPostprocessing = 0;
		};
/* End PBXResourcesBuildPhase section */

/* Begin PBXSourcesBuildPhase section */
		1499031C232A5F40005F91C3 /* Sources */ = {
			isa = PBXSourcesBuildPhase;
			buildActionMask = 2147483647;
			files = (
				14990338232A61BC005F91C3 /* SelectionTableVC.swift in Sources */,
				D4FD333223D9A90000825DD3 /* IPhoneVC.swift in Sources */,
				D4FD333623D9A93900825DD3 /* IMacVC.swift in Sources */,
				14990324232A5F41005F91C3 /* AppDelegate.swift in Sources */,
				1499033A232A63F5005F91C3 /* ItemCell.swift in Sources */,
				D4FD333423D9A91A00825DD3 /* IPadVc.swift in Sources */,
			);
			runOnlyForDeploymentPostprocessing = 0;
		};
/* End PBXSourcesBuildPhase section */

/* Begin PBXVariantGroup section */
		14990327232A5F41005F91C3 /* Main.storyboard */ = {
			isa = PBXVariantGroup;
			children = (
				14990328232A5F41005F91C3 /* Base */,
			);
			name = Main.storyboard;
			sourceTree = "<group>";
		};
		1499032C232A5F55005F91C3 /* LaunchScreen.storyboard */ = {
			isa = PBXVariantGroup;
			children = (
				1499032D232A5F55005F91C3 /* Base */,
			);
			name = LaunchScreen.storyboard;
			sourceTree = "<group>";
		};
/* End PBXVariantGroup section */

/* Begin XCBuildConfiguration section */
		14990330232A5F55005F91C3 /* Debug */ = {
			isa = XCBuildConfiguration;
			buildSettings = {
				ALWAYS_SEARCH_USER_PATHS = NO;
				CLANG_ANALYZER_NONNULL = YES;
				CLANG_ANALYZER_NUMBER_OBJECT_CONVERSION = YES_AGGRESSIVE;
				CLANG_CXX_LANGUAGE_STANDARD = "gnu++14";
				CLANG_CXX_LIBRARY = "libc++";
				CLANG_ENABLE_MODULES = YES;
				CLANG_ENABLE_OBJC_ARC = YES;
				CLANG_ENABLE_OBJC_WEAK = YES;
				CLANG_WARN_BLOCK_CAPTURE_AUTORELEASING = YES;
				CLANG_WARN_BOOL_CONVERSION = YES;
				CLANG_WARN_COMMA = YES;
				CLANG_WARN_CONSTANT_CONVERSION = YES;
				CLANG_WARN_DEPRECATED_OBJC_IMPLEMENTATIONS = YES;
				CLANG_WARN_DIRECT_OBJC_ISA_USAGE = YES_ERROR;
				CLANG_WARN_DOCUMENTATION_COMMENTS = YES;
				CLANG_WARN_EMPTY_BODY = YES;
				CLANG_WARN_ENUM_CONVERSION = YES;
				CLANG_WARN_INFINITE_RECURSION = YES;
				CLANG_WARN_INT_CONVERSION = YES;
				CLANG_WARN_NON_LITERAL_NULL_CONVERSION = YES;
				CLANG_WARN_OBJC_IMPLICIT_RETAIN_SELF = YES;
				CLANG_WARN_OBJC_LITERAL_CONVERSION = YES;
				CLANG_WARN_OBJC_ROOT_CLASS = YES_ERROR;
				CLANG_WARN_RANGE_LOOP_ANALYSIS = YES;
				CLANG_WARN_STRICT_PROTOTYPES = YES;
				CLANG_WARN_SUSPICIOUS_MOVE = YES;
				CLANG_WARN_UNGUARDED_AVAILABILITY = YES_AGGRESSIVE;
				CLANG_WARN_UNREACHABLE_CODE = YES;
				CLANG_WARN__DUPLICATE_METHOD_MATCH = YES;
				CODE_SIGN_IDENTITY = "iPhone Developer";
				COPY_PHASE_STRIP = NO;
				DEBUG_INFORMATION_FORMAT = dwarf;
				ENABLE_STRICT_OBJC_MSGSEND = YES;
				ENABLE_TESTABILITY = YES;
				GCC_C_LANGUAGE_STANDARD = gnu11;
				GCC_DYNAMIC_NO_PIC = NO;
				GCC_NO_COMMON_BLOCKS = YES;
				GCC_OPTIMIZATION_LEVEL = 0;
				GCC_PREPROCESSOR_DEFINITIONS = (
					"DEBUG=1",
					"$(inherited)",
				);
				GCC_WARN_64_TO_32_BIT_CONVERSION = YES;
				GCC_WARN_ABOUT_RETURN_TYPE = YES_ERROR;
				GCC_WARN_UNDECLARED_SELECTOR = YES;
				GCC_WARN_UNINITIALIZED_AUTOS = YES_AGGRESSIVE;
				GCC_WARN_UNUSED_FUNCTION = YES;
				GCC_WARN_UNUSED_VARIABLE = YES;
				IPHONEOS_DEPLOYMENT_TARGET = 12.2;
				MTL_ENABLE_DEBUG_INFO = INCLUDE_SOURCE;
				MTL_FAST_MATH = YES;
				ONLY_ACTIVE_ARCH = YES;
				SDKROOT = iphoneos;
				SWIFT_ACTIVE_COMPILATION_CONDITIONS = DEBUG;
				SWIFT_OPTIMIZATION_LEVEL = "-Onone";
			};
			name = Debug;
		};
		14990331232A5F55005F91C3 /* Release */ = {
			isa = XCBuildConfiguration;
			buildSettings = {
				ALWAYS_SEARCH_USER_PATHS = NO;
				CLANG_ANALYZER_NONNULL = YES;
				CLANG_ANALYZER_NUMBER_OBJECT_CONVERSION = YES_AGGRESSIVE;
				CLANG_CXX_LANGUAGE_STANDARD = "gnu++14";
				CLANG_CXX_LIBRARY = "libc++";
				CLANG_ENABLE_MODULES = YES;
				CLANG_ENABLE_OBJC_ARC = YES;
				CLANG_ENABLE_OBJC_WEAK = YES;
				CLANG_WARN_BLOCK_CAPTURE_AUTORELEASING = YES;
				CLANG_WARN_BOOL_CONVERSION = YES;
				CLANG_WARN_COMMA = YES;
				CLANG_WARN_CONSTANT_CONVERSION = YES;
				CLANG_WARN_DEPRECATED_OBJC_IMPLEMENTATIONS = YES;
				CLANG_WARN_DIRECT_OBJC_ISA_USAGE = YES_ERROR;
				CLANG_WARN_DOCUMENTATION_COMMENTS = YES;
				CLANG_WARN_EMPTY_BODY = YES;
				CLANG_WARN_ENUM_CONVERSION = YES;
				CLANG_WARN_INFINITE_RECURSION = YES;
				CLANG_WARN_INT_CONVERSION = YES;
				CLANG_WARN_NON_LITERAL_NULL_CONVERSION = YES;
				CLANG_WARN_OBJC_IMPLICIT_RETAIN_SELF = YES;
				CLANG_WARN_OBJC_LITERAL_CONVERSION = YES;
				CLANG_WARN_OBJC_ROOT_CLASS = YES_ERROR;
				CLANG_WARN_RANGE_LOOP_ANALYSIS = YES;
				CLANG_WARN_STRICT_PROTOTYPES = YES;
				CLANG_WARN_SUSPICIOUS_MOVE = YES;
				CLANG_WARN_UNGUARDED_AVAILABILITY = YES_AGGRESSIVE;
				CLANG_WARN_UNREACHABLE_CODE = YES;
				CLANG_WARN__DUPLICATE_METHOD_MATCH = YES;
				CODE_SIGN_IDENTITY = "iPhone Developer";
				COPY_PHASE_STRIP = NO;
				DEBUG_INFORMATION_FORMAT = "dwarf-with-dsym";
				ENABLE_NS_ASSERTIONS = NO;
				ENABLE_STRICT_OBJC_MSGSEND = YES;
				GCC_C_LANGUAGE_STANDARD = gnu11;
				GCC_NO_COMMON_BLOCKS = YES;
				GCC_WARN_64_TO_32_BIT_CONVERSION = YES;
				GCC_WARN_ABOUT_RETURN_TYPE = YES_ERROR;
				GCC_WARN_UNDECLARED_SELECTOR = YES;
				GCC_WARN_UNINITIALIZED_AUTOS = YES_AGGRESSIVE;
				GCC_WARN_UNUSED_FUNCTION = YES;
				GCC_WARN_UNUSED_VARIABLE = YES;
				IPHONEOS_DEPLOYMENT_TARGET = 12.2;
				MTL_ENABLE_DEBUG_INFO = NO;
				MTL_FAST_MATH = YES;
				SDKROOT = iphoneos;
				SWIFT_COMPILATION_MODE = wholemodule;
				SWIFT_OPTIMIZATION_LEVEL = "-O";
				VALIDATE_PRODUCT = YES;
			};
			name = Release;
		};
		14990333232A5F55005F91C3 /* Debug */ = {
			isa = XCBuildConfiguration;
			buildSettings = {
				ASSETCATALOG_COMPILER_APPICON_NAME = AppIcon;
				CODE_SIGN_STYLE = Automatic;
				DEVELOPMENT_TEAM = BGK7UGU9Y2;
				INFOPLIST_FILE = TableViewSeletion/Info.plist;
				LD_RUNPATH_SEARCH_PATHS = (
					"$(inherited)",
					"@executable_path/Frameworks",
				);
				PRODUCT_BUNDLE_IDENTIFIER = com.D2V.TableViewSeletion;
				PRODUCT_NAME = "$(TARGET_NAME)";
				SWIFT_VERSION = 5.0;
				TARGETED_DEVICE_FAMILY = "1,2";
			};
			name = Debug;
		};
		14990334232A5F55005F91C3 /* Release */ = {
			isa = XCBuildConfiguration;
			buildSettings = {
				ASSETCATALOG_COMPILER_APPICON_NAME = AppIcon;
				CODE_SIGN_STYLE = Automatic;
				DEVELOPMENT_TEAM = BGK7UGU9Y2;
				INFOPLIST_FILE = TableViewSeletion/Info.plist;
				LD_RUNPATH_SEARCH_PATHS = (
					"$(inherited)",
					"@executable_path/Frameworks",
				);
				PRODUCT_BUNDLE_IDENTIFIER = com.D2V.TableViewSeletion;
				PRODUCT_NAME = "$(TARGET_NAME)";
				SWIFT_VERSION = 5.0;
				TARGETED_DEVICE_FAMILY = "1,2";
			};
			name = Release;
		};
/* End XCBuildConfiguration section */

/* Begin XCConfigurationList section */
		1499031B232A5F40005F91C3 /* Build configuration list for PBXProject "TableViewSeletion" */ = {
			isa = XCConfigurationList;
			buildConfigurations = (
				14990330232A5F55005F91C3 /* Debug */,
				14990331232A5F55005F91C3 /* Release */,
			);
			defaultConfigurationIsVisible = 0;
			defaultConfigurationName = Release;
		};
		14990332232A5F55005F91C3 /* Build configuration list for PBXNativeTarget "TableViewSeletion" */ = {
			isa = XCConfigurationList;
			buildConfigurations = (
				14990333232A5F55005F91C3 /* Debug */,
				14990334232A5F55005F91C3 /* Release */,
			);
			defaultConfigurationIsVisible = 0;
			defaultConfigurationName = Release;
		};
/* End XCConfigurationList section */
	};
	rootObject = 14990318232A5F40005F91C3 /* Project object */;
}
